
Microsoft Visual Studio Solution File, Format Version 12.00
# Visual Studio Version 16
VisualStudioVersion = 16.0.32802.440
MinimumVisualStudioVersion = 10.0.40219.1
Project("{8BC9CEB8-8B4A-11D0-8D11-00A0C91BC942}") = "fruits_catch", "fruits_catch.vcxproj", "{0483210C-DE8B-4EF4-AD2F-72C8B1E7CB1D}"
EndProject
Global
	GlobalSection(SolutionConfigurationPlatforms) = preSolution
		Debug|x64 = Debug|x64
		Debug|x86 = Debug|x86
		Release|x64 = Release|x64
		Release|x86 = Release|x86
	EndGlobalSection
	GlobalSection(ProjectConfigurationPlatforms) = postSolution
		{0483210C-DE8B-4EF4-AD2F-72C8B1E7CB1D}.Debug|x64.ActiveCfg = Debug|x64
		{0483210C-DE8B-4EF4-AD2F-72C8B1E7CB1D}.Debug|x64.Build.0 = Debug|x64
		{0483210C-DE8B-4EF4-AD2F-72C8B1E7CB1D}.Debug|x86.ActiveCfg = Debug|Win32
		{0483210C-DE8B-4EF4-AD2F-72C8B1E7CB1D}.Debug|x86.Build.0 = Debug|Win32
		{0483210C-DE8B-4EF4-AD2F-72C8B1E7CB1D}.Release|x64.ActiveCfg = Release|x64
		{0483210C-DE8B-4EF4-AD2F-72C8B1E7CB1D}.Release|x64.Build.0 = Release|x64
		{0483210C-DE8B-4EF4-AD2F-72C8B1E7CB1D}.Release|x86.ActiveCfg = Release|Win32
		{0483210C-DE8B-4EF4-AD2F-72C8B1E7CB1D}.Release|x86.Build.0 = Release|Win32
	EndGlobalSection
	GlobalSection(SolutionProperties) = preSolution
		HideSolutionNode = FALSE
	EndGlobalSection
	GlobalSection(ExtensibilityGlobals) = postSolution
		SolutionGuid = {9036D777-023D-4FE4-BB6C-D6239FBF53CD}
	EndGlobalSection
EndGlobal
